
Microsoft Visual Studio Solution File, Format Version 12.00
# Visual Studio Version 16
VisualStudioVersion = 16.0.31229.75
MinimumVisualStudioVersion = 10.0.40219.1
Project("{8BC9CEB8-8B4A-11D0-8D11-00A0C91BC942}") = "os07_01", "os07_01\os07_01.vcxproj", "{B4D3A9C7-F55D-4FB0-92C1-538FB4EB9A3C}"
EndProject
Project("{8BC9CEB8-8B4A-11D0-8D11-00A0C91BC942}") = "os07_02", "os07_02\os07_02.vcxproj", "{F03F8A52-2792-45D0-A6EA-FD0C2A1265ED}"
EndProject
Project("{8BC9CEB8-8B4A-11D0-8D11-00A0C91BC942}") = "os07_03", "os07_03\os07_03.vcxproj", "{5B949C9B-8AFC-4568-A3D9-8647A94C3CE1}"
EndProject
Project("{8BC9CEB8-8B4A-11D0-8D11-00A0C91BC942}") = "os07_03A", "os07_03A\os07_03A.vcxproj", "{CB2D36B0-AEA9-441E-B9DD-A5EB2C5BAB88}"
EndProject
Project("{8BC9CEB8-8B4A-11D0-8D11-00A0C91BC942}") = "os07_03B", "os07_03B\os07_03B.vcxproj", "{E1D2D01D-E9DF-436E-BC81-5DB513A0094F}"
EndProject
Project("{8BC9CEB8-8B4A-11D0-8D11-00A0C91BC942}") = "os07_04", "os07_04\os07_04.vcxproj", "{6A857578-0AA2-4A01-BB4A-6EC5760E0CED}"
EndProject
Project("{8BC9CEB8-8B4A-11D0-8D11-00A0C91BC942}") = "os07_04A", "os07_04A\os07_04A.vcxproj", "{38A92A01-7755-4E3D-9B69-F4329AB7E9B8}"
EndProject
Project("{8BC9CEB8-8B4A-11D0-8D11-00A0C91BC942}") = "os07_04B", "os07_04B\os07_04B.vcxproj", "{6B884129-503D-48C5-BAA0-B63AF38F6474}"
EndProject
Project("{8BC9CEB8-8B4A-11D0-8D11-00A0C91BC942}") = "os07_05", "os07_05\os07_05.vcxproj", "{6F0BF58E-DE34-43C6-B724-D68415097869}"
EndProject
Project("{8BC9CEB8-8B4A-11D0-8D11-00A0C91BC942}") = "os07_05A", "os07_05A\os07_05A.vcxproj", "{6DB99B5E-85D5-4744-A520-FE871244943C}"
EndProject
Project("{8BC9CEB8-8B4A-11D0-8D11-00A0C91BC942}") = "os07_05B", "os07_05B\os07_05B.vcxproj", "{A84A0C27-123F-49E2-8932-1E44816544F9}"
EndProject
Global
	GlobalSection(SolutionConfigurationPlatforms) = preSolution
		Debug|x64 = Debug|x64
		Debug|x86 = Debug|x86
		Release|x64 = Release|x64
		Release|x86 = Release|x86
	EndGlobalSection
	GlobalSection(ProjectConfigurationPlatforms) = postSolution
		{B4D3A9C7-F55D-4FB0-92C1-538FB4EB9A3C}.Debug|x64.ActiveCfg = Debug|x64
		{B4D3A9C7-F55D-4FB0-92C1-538FB4EB9A3C}.Debug|x64.Build.0 = Debug|x64
		{B4D3A9C7-F55D-4FB0-92C1-538FB4EB9A3C}.Debug|x86.ActiveCfg = Debug|Win32
		{B4D3A9C7-F55D-4FB0-92C1-538FB4EB9A3C}.Debug|x86.Build.0 = Debug|Win32
		{B4D3A9C7-F55D-4FB0-92C1-538FB4EB9A3C}.Release|x64.ActiveCfg = Release|x64
		{B4D3A9C7-F55D-4FB0-92C1-538FB4EB9A3C}.Release|x64.Build.0 = Release|x64
		{B4D3A9C7-F55D-4FB0-92C1-538FB4EB9A3C}.Release|x86.ActiveCfg = Release|Win32
		{B4D3A9C7-F55D-4FB0-92C1-538FB4EB9A3C}.Release|x86.Build.0 = Release|Win32
		{F03F8A52-2792-45D0-A6EA-FD0C2A1265ED}.Debug|x64.ActiveCfg = Debug|x64
		{F03F8A52-2792-45D0-A6EA-FD0C2A1265ED}.Debug|x64.Build.0 = Debug|x64
		{F03F8A52-2792-45D0-A6EA-FD0C2A1265ED}.Debug|x86.ActiveCfg = Debug|Win32
		{F03F8A52-2792-45D0-A6EA-FD0C2A1265ED}.Debug|x86.Build.0 = Debug|Win32
		{F03F8A52-2792-45D0-A6EA-FD0C2A1265ED}.Release|x64.ActiveCfg = Release|x64
		{F03F8A52-2792-45D0-A6EA-FD0C2A1265ED}.Release|x64.Build.0 = Release|x64
		{F03F8A52-2792-45D0-A6EA-FD0C2A1265ED}.Release|x86.ActiveCfg = Release|Win32
		{F03F8A52-2792-45D0-A6EA-FD0C2A1265ED}.Release|x86.Build.0 = Release|Win32
		{5B949C9B-8AFC-4568-A3D9-8647A94C3CE1}.Debug|x64.ActiveCfg = Debug|x64
		{5B949C9B-8AFC-4568-A3D9-8647A94C3CE1}.Debug|x64.Build.0 = Debug|x64
		{5B949C9B-8AFC-4568-A3D9-8647A94C3CE1}.Debug|x86.ActiveCfg = Debug|Win32
		{5B949C9B-8AFC-4568-A3D9-8647A94C3CE1}.Debug|x86.Build.0 = Debug|Win32
		{5B949C9B-8AFC-4568-A3D9-8647A94C3CE1}.Release|x64.ActiveCfg = Release|x64
		{5B949C9B-8AFC-4568-A3D9-8647A94C3CE1}.Release|x64.Build.0 = Release|x64
		{5B949C9B-8AFC-4568-A3D9-8647A94C3CE1}.Release|x86.ActiveCfg = Release|Win32
		{5B949C9B-8AFC-4568-A3D9-8647A94C3CE1}.Release|x86.Build.0 = Release|Win32
		{CB2D36B0-AEA9-441E-B9DD-A5EB2C5BAB88}.Debug|x64.ActiveCfg = Debug|x64
		{CB2D36B0-AEA9-441E-B9DD-A5EB2C5BAB88}.Debug|x64.Build.0 = Debug|x64
		{CB2D36B0-AEA9-441E-B9DD-A5EB2C5BAB88}.Debug|x86.ActiveCfg = Debug|Win32
		{CB2D36B0-AEA9-441E-B9DD-A5EB2C5BAB88}.Debug|x86.Build.0 = Debug|Win32
		{CB2D36B0-AEA9-441E-B9DD-A5EB2C5BAB88}.Release|x64.ActiveCfg = Release|x64
		{CB2D36B0-AEA9-441E-B9DD-A5EB2C5BAB88}.Release|x64.Build.0 = Release|x64
		{CB2D36B0-AEA9-441E-B9DD-A5EB2C5BAB88}.Release|x86.ActiveCfg = Release|Win32
		{CB2D36B0-AEA9-441E-B9DD-A5EB2C5BAB88}.Release|x86.Build.0 = Release|Win32
		{E1D2D01D-E9DF-436E-BC81-5DB513A0094F}.Debug|x64.ActiveCfg = Debug|x64
		{E1D2D01D-E9DF-436E-BC81-5DB513A0094F}.Debug|x64.Build.0 = Debug|x64
		{E1D2D01D-E9DF-436E-BC81-5DB513A0094F}.Debug|x86.ActiveCfg = Debug|Win32
		{E1D2D01D-E9DF-436E-BC81-5DB513A0094F}.Debug|x86.Build.0 = Debug|Win32
		{E1D2D01D-E9DF-436E-BC81-5DB513A0094F}.Release|x64.ActiveCfg = Release|x64
		{E1D2D01D-E9DF-436E-BC81-5DB513A0094F}.Release|x64.Build.0 = Release|x64
		{E1D2D01D-E9DF-436E-BC81-5DB513A0094F}.Release|x86.ActiveCfg = Release|Win32
		{E1D2D01D-E9DF-436E-BC81-5DB513A0094F}.Release|x86.Build.0 = Release|Win32
		{6A857578-0AA2-4A01-BB4A-6EC5760E0CED}.Debug|x64.ActiveCfg = Debug|x64
		{6A857578-0AA2-4A01-BB4A-6EC5760E0CED}.Debug|x64.Build.0 = Debug|x64
		{6A857578-0AA2-4A01-BB4A-6EC5760E0CED}.Debug|x86.ActiveCfg = Debug|Win32
		{6A857578-0AA2-4A01-BB4A-6EC5760E0CED}.Debug|x86.Build.0 = Debug|Win32
		{6A857578-0AA2-4A01-BB4A-6EC5760E0CED}.Release|x64.ActiveCfg = Release|x64
		{6A857578-0AA2-4A01-BB4A-6EC5760E0CED}.Release|x64.Build.0 = Release|x64
		{6A857578-0AA2-4A01-BB4A-6EC5760E0CED}.Release|x86.ActiveCfg = Release|Win32
		{6A857578-0AA2-4A01-BB4A-6EC5760E0CED}.Release|x86.Build.0 = Release|Win32
		{38A92A01-7755-4E3D-9B69-F4329AB7E9B8}.Debug|x64.ActiveCfg = Debug|x64
		{38A92A01-7755-4E3D-9B69-F4329AB7E9B8}.Debug|x64.Build.0 = Debug|x64
		{38A92A01-7755-4E3D-9B69-F4329AB7E9B8}.Debug|x86.ActiveCfg = Debug|Win32
		{38A92A01-7755-4E3D-9B69-F4329AB7E9B8}.Debug|x86.Build.0 = Debug|Win32
		{38A92A01-7755-4E3D-9B69-F4329AB7E9B8}.Release|x64.ActiveCfg = Release|x64
		{38A92A01-7755-4E3D-9B69-F4329AB7E9B8}.Release|x64.Build.0 = Release|x64
		{38A92A01-7755-4E3D-9B69-F4329AB7E9B8}.Release|x86.ActiveCfg = Release|Win32
		{38A92A01-7755-4E3D-9B69-F4329AB7E9B8}.Release|x86.Build.0 = Release|Win32
		{6B884129-503D-48C5-BAA0-B63AF38F6474}.Debug|x64.ActiveCfg = Debug|x64
		{6B884129-503D-48C5-BAA0-B63AF38F6474}.Debug|x64.Build.0 = Debug|x64
		{6B884129-503D-48C5-BAA0-B63AF38F6474}.Debug|x86.ActiveCfg = Debug|Win32
		{6B884129-503D-48C5-BAA0-B63AF38F6474}.Debug|x86.Build.0 = Debug|Win32
		{6B884129-503D-48C5-BAA0-B63AF38F6474}.Release|x64.ActiveCfg = Release|x64
		{6B884129-503D-48C5-BAA0-B63AF38F6474}.Release|x64.Build.0 = Release|x64
		{6B884129-503D-48C5-BAA0-B63AF38F6474}.Release|x86.ActiveCfg = Release|Win32
		{6B884129-503D-48C5-BAA0-B63AF38F6474}.Release|x86.Build.0 = Release|Win32
		{6F0BF58E-DE34-43C6-B724-D68415097869}.Debug|x64.ActiveCfg = Debug|x64
		{6F0BF58E-DE34-43C6-B724-D68415097869}.Debug|x64.Build.0 = Debug|x64
		{6F0BF58E-DE34-43C6-B724-D68415097869}.Debug|x86.ActiveCfg = Debug|Win32
		{6F0BF58E-DE34-43C6-B724-D68415097869}.Debug|x86.Build.0 = Debug|Win32
		{6F0BF58E-DE34-43C6-B724-D68415097869}.Release|x64.ActiveCfg = Release|x64
		{6F0BF58E-DE34-43C6-B724-D68415097869}.Release|x64.Build.0 = Release|x64
		{6F0BF58E-DE34-43C6-B724-D68415097869}.Release|x86.ActiveCfg = Release|Win32
		{6F0BF58E-DE34-43C6-B724-D68415097869}.Release|x86.Build.0 = Release|Win32
		{6DB99B5E-85D5-4744-A520-FE871244943C}.Debug|x64.ActiveCfg = Debug|x64
		{6DB99B5E-85D5-4744-A520-FE871244943C}.Debug|x64.Build.0 = Debug|x64
		{6DB99B5E-85D5-4744-A520-FE871244943C}.Debug|x86.ActiveCfg = Debug|Win32
		{6DB99B5E-85D5-4744-A520-FE871244943C}.Debug|x86.Build.0 = Debug|Win32
		{6DB99B5E-85D5-4744-A520-FE871244943C}.Release|x64.ActiveCfg = Release|x64
		{6DB99B5E-85D5-4744-A520-FE871244943C}.Release|x64.Build.0 = Release|x64
		{6DB99B5E-85D5-4744-A520-FE871244943C}.Release|x86.ActiveCfg = Release|Win32
		{6DB99B5E-85D5-4744-A520-FE871244943C}.Release|x86.Build.0 = Release|Win32
		{A84A0C27-123F-49E2-8932-1E44816544F9}.Debug|x64.ActiveCfg = Debug|x64
		{A84A0C27-123F-49E2-8932-1E44816544F9}.Debug|x64.Build.0 = Debug|x64
		{A84A0C27-123F-49E2-8932-1E44816544F9}.Debug|x86.ActiveCfg = Debug|Win32
		{A84A0C27-123F-49E2-8932-1E44816544F9}.Debug|x86.Build.0 = Debug|Win32
		{A84A0C27-123F-49E2-8932-1E44816544F9}.Release|x64.ActiveCfg = Release|x64
		{A84A0C27-123F-49E2-8932-1E44816544F9}.Release|x64.Build.0 = Release|x64
		{A84A0C27-123F-49E2-8932-1E44816544F9}.Release|x86.ActiveCfg = Release|Win32
		{A84A0C27-123F-49E2-8932-1E44816544F9}.Release|x86.Build.0 = Release|Win32
	EndGlobalSection
	GlobalSection(SolutionProperties) = preSolution
		HideSolutionNode = FALSE
	EndGlobalSection
	GlobalSection(ExtensibilityGlobals) = postSolution
		SolutionGuid = {A982E0FB-2CFD-407F-B4A4-49F3A13B6516}
	EndGlobalSection
EndGlobal
